
Microsoft Visual Studio Solution File, Format Version 11.00
# Visual Studio 2010
Project("{FAE04EC0-301F-11D3-BF4B-00C04F79EFBC}") = "Assembly-CSharp", "Assembly-CSharp.csproj", "{f00c2182-fbbd-0874-ac42-c5b67266536c}"
EndProject
Global
	GlobalSection(SolutionConfigurationPlatforms) = preSolution
		Debug|Any CPU = Debug|Any CPU
		Release|Any CPU = Release|Any CPU
	EndGlobalSection
	GlobalSection(ProjectConfigurationPlatforms) = postSolution
		{f00c2182-fbbd-0874-ac42-c5b67266536c}.Debug|Any CPU.ActiveCfg = Debug|Any CPU
		{f00c2182-fbbd-0874-ac42-c5b67266536c}.Debug|Any CPU.Build.0 = Debug|Any CPU
		{f00c2182-fbbd-0874-ac42-c5b67266536c}.Release|Any CPU.ActiveCfg = Release|Any CPU
		{f00c2182-fbbd-0874-ac42-c5b67266536c}.Release|Any CPU.Build.0 = Release|Any CPU
	EndGlobalSection
	GlobalSection(SolutionProperties) = preSolution
		HideSolutionNode = FALSE
	EndGlobalSection
EndGlobal
